
Microsoft Visual Studio Solution File, Format Version 12.00
# Visual Studio 2012
Project("{FAE04EC0-301F-11D3-BF4B-00C04F79EFBC}") = "proyecto_Disor", "proyecto_Disor\proyecto_Disor.csproj", "{68E46AA3-3D8F-4CE0-AFAC-6C43774B03E9}"
EndProject
Project("{FAE04EC0-301F-11D3-BF4B-00C04F79EFBC}") = "sucesiones", "sucesiones\sucesiones.csproj", "{DD737B61-93CE-49A7-9734-A37CB9EE7080}"
EndProject
Project("{FAE04EC0-301F-11D3-BF4B-00C04F79EFBC}") = "conversion_sistemasNumericos", "conversion_sistemasNumericos\conversion_sistemasNumericos.csproj", "{DD18F5A2-E70C-4BF3-BD28-2EB7DD0215B1}"
EndProject
Project("{FAE04EC0-301F-11D3-BF4B-00C04F79EFBC}") = "observador", "observador\observador.csproj", "{EF0D814D-A24D-4DA7-AE8B-F3CFD093BB4A}"
EndProject
Global
	GlobalSection(SolutionConfigurationPlatforms) = preSolution
		Debug|Any CPU = Debug|Any CPU
		Release|Any CPU = Release|Any CPU
	EndGlobalSection
	GlobalSection(ProjectConfigurationPlatforms) = postSolution
		{68E46AA3-3D8F-4CE0-AFAC-6C43774B03E9}.Debug|Any CPU.ActiveCfg = Debug|Any CPU
		{68E46AA3-3D8F-4CE0-AFAC-6C43774B03E9}.Debug|Any CPU.Build.0 = Debug|Any CPU
		{68E46AA3-3D8F-4CE0-AFAC-6C43774B03E9}.Release|Any CPU.ActiveCfg = Release|Any CPU
		{68E46AA3-3D8F-4CE0-AFAC-6C43774B03E9}.Release|Any CPU.Build.0 = Release|Any CPU
		{DD737B61-93CE-49A7-9734-A37CB9EE7080}.Debug|Any CPU.ActiveCfg = Debug|Any CPU
		{DD737B61-93CE-49A7-9734-A37CB9EE7080}.Debug|Any CPU.Build.0 = Debug|Any CPU
		{DD737B61-93CE-49A7-9734-A37CB9EE7080}.Release|Any CPU.ActiveCfg = Release|Any CPU
		{DD737B61-93CE-49A7-9734-A37CB9EE7080}.Release|Any CPU.Build.0 = Release|Any CPU
		{DD18F5A2-E70C-4BF3-BD28-2EB7DD0215B1}.Debug|Any CPU.ActiveCfg = Debug|Any CPU
		{DD18F5A2-E70C-4BF3-BD28-2EB7DD0215B1}.Debug|Any CPU.Build.0 = Debug|Any CPU
		{DD18F5A2-E70C-4BF3-BD28-2EB7DD0215B1}.Release|Any CPU.ActiveCfg = Release|Any CPU
		{DD18F5A2-E70C-4BF3-BD28-2EB7DD0215B1}.Release|Any CPU.Build.0 = Release|Any CPU
		{EF0D814D-A24D-4DA7-AE8B-F3CFD093BB4A}.Debug|Any CPU.ActiveCfg = Debug|Any CPU
		{EF0D814D-A24D-4DA7-AE8B-F3CFD093BB4A}.Debug|Any CPU.Build.0 = Debug|Any CPU
		{EF0D814D-A24D-4DA7-AE8B-F3CFD093BB4A}.Release|Any CPU.ActiveCfg = Release|Any CPU
		{EF0D814D-A24D-4DA7-AE8B-F3CFD093BB4A}.Release|Any CPU.Build.0 = Release|Any CPU
	EndGlobalSection
	GlobalSection(SolutionProperties) = preSolution
		HideSolutionNode = FALSE
	EndGlobalSection
EndGlobal
